
Microsoft Visual Studio Solution File, Format Version 12.00
# Visual Studio Version 17
VisualStudioVersion = 17.12.35514.174 d17.12
MinimumVisualStudioVersion = 10.0.40219.1
Project("{FAE04EC0-301F-11D3-BF4B-00C04F79EFBC}") = "Forte7000E", "Forte7000E\Forte7000E.csproj", "{40909093-4459-4B43-BB4D-C82FE1A0AC65}"
EndProject
Project("{FAE04EC0-301F-11D3-BF4B-00C04F79EFBC}") = "Forte7000E.Services", "Forte7000E.Services\Forte7000E.Services.csproj", "{659EC012-6CF5-43E7-914E-088F9482D7AF}"
EndProject
Project("{2150E333-8FDC-42A3-9474-1A3956D46DE8}") = "Modules", "Modules", "{451E7B1D-6650-4043-AEC3-C7858DD7AFC3}"
EndProject
Project("{FAE04EC0-301F-11D3-BF4B-00C04F79EFBC}") = "Forte7000E.Module.LotProcess", "Modules\Forte7000E.Module.LotProcess\Forte7000E.Module.LotProcess.csproj", "{D729958D-9CD6-4745-A946-B63CF2C258CE}"
EndProject
Project("{FAE04EC0-301F-11D3-BF4B-00C04F79EFBC}") = "Forte7000E.Module.FieldSelect", "Modules\Forte7000E.Module.FieldSelect\Forte7000E.Module.FieldSelect.csproj", "{1914BD74-0CC7-4FF9-B563-2ECB5A2919B5}"
EndProject
Project("{FAE04EC0-301F-11D3-BF4B-00C04F79EFBC}") = "Forte700E.Module.ItemSelect", "Modules\Forte700E.Module.ItemSelect\Forte700E.Module.ItemSelect.csproj", "{91F3AE8E-BDC8-43A0-8346-206F842A1BAB}"
EndProject
Project("{FAE04EC0-301F-11D3-BF4B-00C04F79EFBC}") = "Forte7000E.Module.Archive", "Modules\Forte7000E.Module.Archive\Forte7000E.Module.Archive.csproj", "{A27204A2-62DA-497C-AD53-0D65468EE32A}"
EndProject
Project("{FAE04EC0-301F-11D3-BF4B-00C04F79EFBC}") = "Forte7000E.Module.SerialCom", "Modules\Forte7000E.Module.SerialCom\Forte7000E.Module.SerialCom.csproj", "{15276C51-B49C-470E-BDD3-A8C53E8FAE89}"
EndProject
Project("{FAE04EC0-301F-11D3-BF4B-00C04F79EFBC}") = "Forte7000E.Module.CSVReport", "Modules\Forte7000E.Module.CSVReport\Forte7000E.Module.CSVReport.csproj", "{07A4BFE2-1AB0-429D-8231-C22C6F85B5AD}"
EndProject
Global
	GlobalSection(SolutionConfigurationPlatforms) = preSolution
		Debug|Any CPU = Debug|Any CPU
		Debug|x86 = Debug|x86
		Release|Any CPU = Release|Any CPU
		Release|x86 = Release|x86
	EndGlobalSection
	GlobalSection(ProjectConfigurationPlatforms) = postSolution
		{40909093-4459-4B43-BB4D-C82FE1A0AC65}.Debug|Any CPU.ActiveCfg = Debug|Any CPU
		{40909093-4459-4B43-BB4D-C82FE1A0AC65}.Debug|Any CPU.Build.0 = Debug|Any CPU
		{40909093-4459-4B43-BB4D-C82FE1A0AC65}.Debug|x86.ActiveCfg = Debug|Any CPU
		{40909093-4459-4B43-BB4D-C82FE1A0AC65}.Debug|x86.Build.0 = Debug|Any CPU
		{40909093-4459-4B43-BB4D-C82FE1A0AC65}.Release|Any CPU.ActiveCfg = Release|Any CPU
		{40909093-4459-4B43-BB4D-C82FE1A0AC65}.Release|Any CPU.Build.0 = Release|Any CPU
		{40909093-4459-4B43-BB4D-C82FE1A0AC65}.Release|x86.ActiveCfg = Release|Any CPU
		{40909093-4459-4B43-BB4D-C82FE1A0AC65}.Release|x86.Build.0 = Release|Any CPU
		{659EC012-6CF5-43E7-914E-088F9482D7AF}.Debug|Any CPU.ActiveCfg = Debug|Any CPU
		{659EC012-6CF5-43E7-914E-088F9482D7AF}.Debug|Any CPU.Build.0 = Debug|Any CPU
		{659EC012-6CF5-43E7-914E-088F9482D7AF}.Debug|x86.ActiveCfg = Debug|Any CPU
		{659EC012-6CF5-43E7-914E-088F9482D7AF}.Debug|x86.Build.0 = Debug|Any CPU
		{659EC012-6CF5-43E7-914E-088F9482D7AF}.Release|Any CPU.ActiveCfg = Release|Any CPU
		{659EC012-6CF5-43E7-914E-088F9482D7AF}.Release|Any CPU.Build.0 = Release|Any CPU
		{659EC012-6CF5-43E7-914E-088F9482D7AF}.Release|x86.ActiveCfg = Release|Any CPU
		{659EC012-6CF5-43E7-914E-088F9482D7AF}.Release|x86.Build.0 = Release|Any CPU
		{D729958D-9CD6-4745-A946-B63CF2C258CE}.Debug|Any CPU.ActiveCfg = Debug|Any CPU
		{D729958D-9CD6-4745-A946-B63CF2C258CE}.Debug|Any CPU.Build.0 = Debug|Any CPU
		{D729958D-9CD6-4745-A946-B63CF2C258CE}.Debug|x86.ActiveCfg = Debug|Any CPU
		{D729958D-9CD6-4745-A946-B63CF2C258CE}.Debug|x86.Build.0 = Debug|Any CPU
		{D729958D-9CD6-4745-A946-B63CF2C258CE}.Release|Any CPU.ActiveCfg = Release|Any CPU
		{D729958D-9CD6-4745-A946-B63CF2C258CE}.Release|Any CPU.Build.0 = Release|Any CPU
		{D729958D-9CD6-4745-A946-B63CF2C258CE}.Release|x86.ActiveCfg = Release|Any CPU
		{D729958D-9CD6-4745-A946-B63CF2C258CE}.Release|x86.Build.0 = Release|Any CPU
		{1914BD74-0CC7-4FF9-B563-2ECB5A2919B5}.Debug|Any CPU.ActiveCfg = Debug|Any CPU
		{1914BD74-0CC7-4FF9-B563-2ECB5A2919B5}.Debug|Any CPU.Build.0 = Debug|Any CPU
		{1914BD74-0CC7-4FF9-B563-2ECB5A2919B5}.Debug|x86.ActiveCfg = Debug|Any CPU
		{1914BD74-0CC7-4FF9-B563-2ECB5A2919B5}.Debug|x86.Build.0 = Debug|Any CPU
		{1914BD74-0CC7-4FF9-B563-2ECB5A2919B5}.Release|Any CPU.ActiveCfg = Release|Any CPU
		{1914BD74-0CC7-4FF9-B563-2ECB5A2919B5}.Release|Any CPU.Build.0 = Release|Any CPU
		{1914BD74-0CC7-4FF9-B563-2ECB5A2919B5}.Release|x86.ActiveCfg = Release|Any CPU
		{1914BD74-0CC7-4FF9-B563-2ECB5A2919B5}.Release|x86.Build.0 = Release|Any CPU
		{91F3AE8E-BDC8-43A0-8346-206F842A1BAB}.Debug|Any CPU.ActiveCfg = Debug|Any CPU
		{91F3AE8E-BDC8-43A0-8346-206F842A1BAB}.Debug|Any CPU.Build.0 = Debug|Any CPU
		{91F3AE8E-BDC8-43A0-8346-206F842A1BAB}.Debug|x86.ActiveCfg = Debug|Any CPU
		{91F3AE8E-BDC8-43A0-8346-206F842A1BAB}.Debug|x86.Build.0 = Debug|Any CPU
		{91F3AE8E-BDC8-43A0-8346-206F842A1BAB}.Release|Any CPU.ActiveCfg = Release|Any CPU
		{91F3AE8E-BDC8-43A0-8346-206F842A1BAB}.Release|Any CPU.Build.0 = Release|Any CPU
		{91F3AE8E-BDC8-43A0-8346-206F842A1BAB}.Release|x86.ActiveCfg = Release|Any CPU
		{91F3AE8E-BDC8-43A0-8346-206F842A1BAB}.Release|x86.Build.0 = Release|Any CPU
		{A27204A2-62DA-497C-AD53-0D65468EE32A}.Debug|Any CPU.ActiveCfg = Debug|Any CPU
		{A27204A2-62DA-497C-AD53-0D65468EE32A}.Debug|Any CPU.Build.0 = Debug|Any CPU
		{A27204A2-62DA-497C-AD53-0D65468EE32A}.Debug|x86.ActiveCfg = Debug|Any CPU
		{A27204A2-62DA-497C-AD53-0D65468EE32A}.Debug|x86.Build.0 = Debug|Any CPU
		{A27204A2-62DA-497C-AD53-0D65468EE32A}.Release|Any CPU.ActiveCfg = Release|Any CPU
		{A27204A2-62DA-497C-AD53-0D65468EE32A}.Release|Any CPU.Build.0 = Release|Any CPU
		{A27204A2-62DA-497C-AD53-0D65468EE32A}.Release|x86.ActiveCfg = Release|Any CPU
		{A27204A2-62DA-497C-AD53-0D65468EE32A}.Release|x86.Build.0 = Release|Any CPU
		{15276C51-B49C-470E-BDD3-A8C53E8FAE89}.Debug|Any CPU.ActiveCfg = Debug|Any CPU
		{15276C51-B49C-470E-BDD3-A8C53E8FAE89}.Debug|Any CPU.Build.0 = Debug|Any CPU
		{15276C51-B49C-470E-BDD3-A8C53E8FAE89}.Debug|x86.ActiveCfg = Debug|Any CPU
		{15276C51-B49C-470E-BDD3-A8C53E8FAE89}.Debug|x86.Build.0 = Debug|Any CPU
		{15276C51-B49C-470E-BDD3-A8C53E8FAE89}.Release|Any CPU.ActiveCfg = Release|Any CPU
		{15276C51-B49C-470E-BDD3-A8C53E8FAE89}.Release|Any CPU.Build.0 = Release|Any CPU
		{15276C51-B49C-470E-BDD3-A8C53E8FAE89}.Release|x86.ActiveCfg = Release|Any CPU
		{15276C51-B49C-470E-BDD3-A8C53E8FAE89}.Release|x86.Build.0 = Release|Any CPU
		{07A4BFE2-1AB0-429D-8231-C22C6F85B5AD}.Debug|Any CPU.ActiveCfg = Debug|Any CPU
		{07A4BFE2-1AB0-429D-8231-C22C6F85B5AD}.Debug|Any CPU.Build.0 = Debug|Any CPU
		{07A4BFE2-1AB0-429D-8231-C22C6F85B5AD}.Debug|x86.ActiveCfg = Debug|Any CPU
		{07A4BFE2-1AB0-429D-8231-C22C6F85B5AD}.Debug|x86.Build.0 = Debug|Any CPU
		{07A4BFE2-1AB0-429D-8231-C22C6F85B5AD}.Release|Any CPU.ActiveCfg = Release|Any CPU
		{07A4BFE2-1AB0-429D-8231-C22C6F85B5AD}.Release|Any CPU.Build.0 = Release|Any CPU
		{07A4BFE2-1AB0-429D-8231-C22C6F85B5AD}.Release|x86.ActiveCfg = Release|Any CPU
		{07A4BFE2-1AB0-429D-8231-C22C6F85B5AD}.Release|x86.Build.0 = Release|Any CPU
	EndGlobalSection
	GlobalSection(SolutionProperties) = preSolution
		HideSolutionNode = FALSE
	EndGlobalSection
	GlobalSection(NestedProjects) = preSolution
		{D729958D-9CD6-4745-A946-B63CF2C258CE} = {451E7B1D-6650-4043-AEC3-C7858DD7AFC3}
		{1914BD74-0CC7-4FF9-B563-2ECB5A2919B5} = {451E7B1D-6650-4043-AEC3-C7858DD7AFC3}
		{91F3AE8E-BDC8-43A0-8346-206F842A1BAB} = {451E7B1D-6650-4043-AEC3-C7858DD7AFC3}
		{A27204A2-62DA-497C-AD53-0D65468EE32A} = {451E7B1D-6650-4043-AEC3-C7858DD7AFC3}
		{15276C51-B49C-470E-BDD3-A8C53E8FAE89} = {451E7B1D-6650-4043-AEC3-C7858DD7AFC3}
		{07A4BFE2-1AB0-429D-8231-C22C6F85B5AD} = {451E7B1D-6650-4043-AEC3-C7858DD7AFC3}
	EndGlobalSection
	GlobalSection(ExtensibilityGlobals) = postSolution
		SolutionGuid = {08950567-5DFE-4FDC-9975-BE1D739C66E9}
	EndGlobalSection
EndGlobal
